
Microsoft Visual Studio Solution File, Format Version 12.00
# Visual Studio Version 17
VisualStudioVersion = 17.13.35828.75
MinimumVisualStudioVersion = 10.0.40219.1
Project("{FAE04EC0-301F-11D3-BF4B-00C04F79EFBC}") = "VehicleRentalPlatform", "VehicleRentalPlatform\VehicleRentalPlatform.csproj", "{35397058-5339-4FCB-B990-70D5A285A36B}"
EndProject
Project("{FAE04EC0-301F-11D3-BF4B-00C04F79EFBC}") = "VehicleRentalPlatformTests", "VehicleRentalPlatformTests\VehicleRentalPlatformTests.csproj", "{8074BAEB-B1BA-4C3D-94DF-4AE2E0212696}"
EndProject
Global
	GlobalSection(SolutionConfigurationPlatforms) = preSolution
		Debug|Any CPU = Debug|Any CPU
		Release|Any CPU = Release|Any CPU
	EndGlobalSection
	GlobalSection(ProjectConfigurationPlatforms) = postSolution
		{35397058-5339-4FCB-B990-70D5A285A36B}.Debug|Any CPU.ActiveCfg = Debug|Any CPU
		{35397058-5339-4FCB-B990-70D5A285A36B}.Debug|Any CPU.Build.0 = Debug|Any CPU
		{35397058-5339-4FCB-B990-70D5A285A36B}.Release|Any CPU.ActiveCfg = Release|Any CPU
		{35397058-5339-4FCB-B990-70D5A285A36B}.Release|Any CPU.Build.0 = Release|Any CPU
		{8074BAEB-B1BA-4C3D-94DF-4AE2E0212696}.Debug|Any CPU.ActiveCfg = Debug|Any CPU
		{8074BAEB-B1BA-4C3D-94DF-4AE2E0212696}.Debug|Any CPU.Build.0 = Debug|Any CPU
		{8074BAEB-B1BA-4C3D-94DF-4AE2E0212696}.Release|Any CPU.ActiveCfg = Release|Any CPU
		{8074BAEB-B1BA-4C3D-94DF-4AE2E0212696}.Release|Any CPU.Build.0 = Release|Any CPU
	EndGlobalSection
	GlobalSection(SolutionProperties) = preSolution
		HideSolutionNode = FALSE
	EndGlobalSection
	GlobalSection(ExtensibilityGlobals) = postSolution
		SolutionGuid = {CBDF3AEE-8B1F-49DC-A81E-7BC7031B02C3}
	EndGlobalSection
EndGlobal
